
Microsoft Visual Studio Solution File, Format Version 12.00
# Visual Studio Version 16
VisualStudioVersion = 16.0.31019.35
MinimumVisualStudioVersion = 10.0.40219.1
Project("{FAE04EC0-301F-11D3-BF4B-00C04F79EFBC}") = "WeekTenHW", "WeekTenHW\WeekTenHW.csproj", "{F7428205-8CAA-413A-9AA1-2DCB031D1803}"
EndProject
Project("{FAE04EC0-301F-11D3-BF4B-00C04F79EFBC}") = "WeekElevenHW", "WeekElevenHW\WeekElevenHW.csproj", "{AF1F3C0B-C0EF-4415-A565-B51CA83FB8B6}"
EndProject
Global
	GlobalSection(SolutionConfigurationPlatforms) = preSolution
		Debug|Any CPU = Debug|Any CPU
		Release|Any CPU = Release|Any CPU
	EndGlobalSection
	GlobalSection(ProjectConfigurationPlatforms) = postSolution
		{F7428205-8CAA-413A-9AA1-2DCB031D1803}.Debug|Any CPU.ActiveCfg = Debug|Any CPU
		{F7428205-8CAA-413A-9AA1-2DCB031D1803}.Debug|Any CPU.Build.0 = Debug|Any CPU
		{F7428205-8CAA-413A-9AA1-2DCB031D1803}.Release|Any CPU.ActiveCfg = Release|Any CPU
		{F7428205-8CAA-413A-9AA1-2DCB031D1803}.Release|Any CPU.Build.0 = Release|Any CPU
		{AF1F3C0B-C0EF-4415-A565-B51CA83FB8B6}.Debug|Any CPU.ActiveCfg = Debug|Any CPU
		{AF1F3C0B-C0EF-4415-A565-B51CA83FB8B6}.Debug|Any CPU.Build.0 = Debug|Any CPU
		{AF1F3C0B-C0EF-4415-A565-B51CA83FB8B6}.Release|Any CPU.ActiveCfg = Release|Any CPU
		{AF1F3C0B-C0EF-4415-A565-B51CA83FB8B6}.Release|Any CPU.Build.0 = Release|Any CPU
	EndGlobalSection
	GlobalSection(SolutionProperties) = preSolution
		HideSolutionNode = FALSE
	EndGlobalSection
	GlobalSection(ExtensibilityGlobals) = postSolution
		SolutionGuid = {5B6008AA-B0F6-4051-8E0A-BBB6FA001F2E}
	EndGlobalSection
EndGlobal
